# THIS IS AN AUTOGENERATED FILE. DO NOT EDIT THIS FILE DIRECTLY.
# yarn lockfile v1


"@devobiero/easy-tester@1.0.4":
  version "1.0.4"
  resolved "https://npm.pkg.github.com/download/@devobiero/easy-tester/1.0.4/9ab37c46ba2133dd1c3f45ae666c6775890cc9b9117a60e3c862452f905f0e0d#b3c1d00cec3fbe81d77bd9ac15fefad2a66d4c8b"
  integrity sha512-Admh+Yvqawc6n4S2Qzh2mTQ0u0FLMDgLM1pEWE/hWTYLHiQ36wGcVtXcAxmD0x8YRj09Nbuo85nhw1V8D+8uIA==
